
Microsoft Visual Studio Solution File, Format Version 12.00
# Visual Studio 15
VisualStudioVersion = 15.0.28010.2046
MinimumVisualStudioVersion = 10.0.40219.1
Project("{FAE04EC0-301F-11D3-BF4B-00C04F79EFBC}") = "LojaBS.Domain", "LojaBS.Domain\LojaBS.Domain.csproj", "{29441C14-C549-4DC2-AB02-B4A016F4640C}"
EndProject
Global
	GlobalSection(SolutionConfigurationPlatforms) = preSolution
		Debug|Any CPU = Debug|Any CPU
		Release|Any CPU = Release|Any CPU
	EndGlobalSection
	GlobalSection(ProjectConfigurationPlatforms) = postSolution
		{29441C14-C549-4DC2-AB02-B4A016F4640C}.Debug|Any CPU.ActiveCfg = Debug|Any CPU
		{29441C14-C549-4DC2-AB02-B4A016F4640C}.Debug|Any CPU.Build.0 = Debug|Any CPU
		{29441C14-C549-4DC2-AB02-B4A016F4640C}.Release|Any CPU.ActiveCfg = Release|Any CPU
		{29441C14-C549-4DC2-AB02-B4A016F4640C}.Release|Any CPU.Build.0 = Release|Any CPU
	EndGlobalSection
	GlobalSection(SolutionProperties) = preSolution
		HideSolutionNode = FALSE
	EndGlobalSection
	GlobalSection(ExtensibilityGlobals) = postSolution
		SolutionGuid = {BFCB3F75-5C4B-4D36-A36E-1715FC7BAA15}
	EndGlobalSection
EndGlobal
